
Microsoft Visual Studio Solution File, Format Version 12.00
# Visual Studio Version 16
VisualStudioVersion = 16.0.31624.102
MinimumVisualStudioVersion = 10.0.40219.1
Project("{FAE04EC0-301F-11D3-BF4B-00C04F79EFBC}") = "DnD Mapper", "DnD Mapper\DnD Mapper.csproj", "{62C3A14A-7B24-4A37-B41D-71B2CEA19638}"
EndProject
Global
	GlobalSection(SolutionConfigurationPlatforms) = preSolution
		Debug|Any CPU = Debug|Any CPU
		Release|Any CPU = Release|Any CPU
	EndGlobalSection
	GlobalSection(ProjectConfigurationPlatforms) = postSolution
		{62C3A14A-7B24-4A37-B41D-71B2CEA19638}.Debug|Any CPU.ActiveCfg = Debug|Any CPU
		{62C3A14A-7B24-4A37-B41D-71B2CEA19638}.Debug|Any CPU.Build.0 = Debug|Any CPU
		{62C3A14A-7B24-4A37-B41D-71B2CEA19638}.Release|Any CPU.ActiveCfg = Release|Any CPU
		{62C3A14A-7B24-4A37-B41D-71B2CEA19638}.Release|Any CPU.Build.0 = Release|Any CPU
	EndGlobalSection
	GlobalSection(SolutionProperties) = preSolution
		HideSolutionNode = FALSE
	EndGlobalSection
	GlobalSection(ExtensibilityGlobals) = postSolution
		SolutionGuid = {0EE1890A-5907-4744-BDF3-D9237088D1AB}
	EndGlobalSection
EndGlobal
